{
    "version": "0.5",
    "requires": [
        "python3-dist/2.2.1@tools/stable",
        "procps/3.3.15@3rdparty/stable#b460d5c880daedb736a23d2e18d4d926%1709883325.926",
        "pivy/0.6.5@3rdparty/stable",
        "links_and_nodes_runtime/2.8.2@common/stable#a03bbc5ddaa700ea0a874521e719bdd3%1781189173.162",
        "links_and_nodes_python/2.8.2@common/stable#51f9323f0cd532cd7be12800d952da81%1781189430.933",
        "links_and_nodes_manager/2.8.2@common/stable#c6da9e1ec48ed4e9e735a70b660018c8%1781189985.535",
        "links_and_nodes_ln_msgdef/2.8.2@common/stable#6792a09b72766ea44af8b93c61f2ba12%1781188952.231",
        "links_and_nodes_cissy_helper/1.0.6@common/stable#df1c2a5d210b12125fb1ce6a71c6f06e%1734616138.954",
        "links_and_nodes_base_python/2.8.2@common/stable#a844a24caff80bf4e3f67ede10d6e8db%1781189276.678",
        "libstring_util/1.3.0@common/stable#5fac0a1a038f0a81b7778145551dd5c6%1757678744.898",
        "liblinks_and_nodes/2.8.2@common/stable#04ee05bd07b8501eb6248a7a60cc3a9e%1781189039.088",
        "boost_python/1.83.0@3rdparty/stable"
    ],
    "build_requires": [
        "sphinxcontrib-jquery/4.1@pypi/stable#dc30dd140d74b874fc3962fc892e6d9b%1706081965.188",
        "sphinx-rtd-theme/2.0.0@pypi/stable#7a3e4a34dc0686fbad9cc77554efb574%1706081971.164",
        "sphinx-copybutton/0.5.2@pypi/stable#9c2e2e61effa17ca3d9d89bb2d7098cf%1772784724.977",
        "scons-local/3.1.1@3rdparty/stable",
        "python3-dist/2.2.1@tools/stable",
        "numpy/2.0.2@pypi/stable#aa59a19cc84ba2afc956466df5f10166%1737383928.771"
    ],
    "python_requires": [
        "ln_conan/6.0.3@common/stable#d26268191943e1e389c5328eeefdf4b5%1708451758.599",
        "cissy_conantools/1.21.0@tools/stable#ca4a674b3e21a737a14dd03f97237078%1758615162.815"
    ],
    "config_requires": []
}
